
Microsoft Visual Studio Solution File, Format Version 12.00
# Visual Studio 15
VisualStudioVersion = 15.0.26430.6
MinimumVisualStudioVersion = 10.0.40219.1
Project("{FAE04EC0-301F-11D3-BF4B-00C04F79EFBC}") = "QX_Frame.App.Base", "QX_Frame.App.Base\QX_Frame.App.Base.csproj", "{0046A768-ADA2-4314-B7CC-391919ED71CD}"
EndProject
Project("{FAE04EC0-301F-11D3-BF4B-00C04F79EFBC}") = "QX_Frame.ConsoleApp", "QX_Frame.ConsoleApp\QX_Frame.ConsoleApp.csproj", "{692DB482-EB2E-4F3E-B4B0-13A6DEE25A6A}"
EndProject
Project("{FAE04EC0-301F-11D3-BF4B-00C04F79EFBC}") = "QX_Frame.Data", "QX_Frame.Data\QX_Frame.Data.csproj", "{38486536-3824-4E1B-8106-3159B31CACA7}"
EndProject
Project("{FAE04EC0-301F-11D3-BF4B-00C04F79EFBC}") = "QX_Frame.Data.Contract", "QX_Frame.Data.Contract\QX_Frame.Data.Contract.csproj", "{B188B868-35C0-4C20-ACDD-F6140AFBADDA}"
EndProject
Project("{FAE04EC0-301F-11D3-BF4B-00C04F79EFBC}") = "QX_Frame.Data.Service", "QX_Frame.Data.Service\QX_Frame.Data.Service.csproj", "{80378A61-FD07-4AF0-B09C-8F39BE12CA61}"
EndProject
Project("{FAE04EC0-301F-11D3-BF4B-00C04F79EFBC}") = "QX_Frame.FormApp", "QX_Frame.FormApp\QX_Frame.FormApp.csproj", "{0730EE4D-13F5-4E8F-BD00-D3175BA5F39B}"
EndProject
Project("{FAE04EC0-301F-11D3-BF4B-00C04F79EFBC}") = "QX_Frame.App.Form", "QX_Frame.App.Form\QX_Frame.App.Form.csproj", "{2650D19D-C97E-48EC-84E2-B7CF4748F136}"
EndProject
Project("{FAE04EC0-301F-11D3-BF4B-00C04F79EFBC}") = "QX_Frame.WebApi.Srv", "QX_Frame.WebApi.Srv\QX_Frame.WebApi.Srv.csproj", "{A6EBD8D8-431A-40BA-B876-3CCBF88E1411}"
EndProject
Project("{FAE04EC0-301F-11D3-BF4B-00C04F79EFBC}") = "QX_Frame.WebApi", "QX_Frame.WebApi\QX_Frame.WebApi.csproj", "{58888ADE-887A-4B84-9CEA-B9893C1F96F6}"
EndProject
Project("{FAE04EC0-301F-11D3-BF4B-00C04F79EFBC}") = "QX_Frame.App.WebApi", "QX_Frame.App.WebApi\QX_Frame.App.WebApi.csproj", "{8B767DEF-75B6-433D-9B03-F6EA18FE0615}"
EndProject
Project("{FAE04EC0-301F-11D3-BF4B-00C04F79EFBC}") = "QX_Frame.WebApiIIS", "QX_Frame.WebApiIIS\QX_Frame.WebApiIIS.csproj", "{B1F9663D-DA40-4039-97D7-0BAC9067C53F}"
EndProject
Project("{FAE04EC0-301F-11D3-BF4B-00C04F79EFBC}") = "QX_Frame.Web", "QX_Frame.Web\QX_Frame.Web.csproj", "{105CC1CA-04D5-4A51-82A8-EF8B9F9BA01E}"
EndProject
Project("{FAE04EC0-301F-11D3-BF4B-00C04F79EFBC}") = "QX_Frame.App.Web", "QX_Frame.App.Web\QX_Frame.App.Web.csproj", "{E53F5CF8-4892-4D1D-88C2-453D95D940D4}"
EndProject
Global
	GlobalSection(SolutionConfigurationPlatforms) = preSolution
		Debug|Any CPU = Debug|Any CPU
		Release|Any CPU = Release|Any CPU
	EndGlobalSection
	GlobalSection(ProjectConfigurationPlatforms) = postSolution
		{0046A768-ADA2-4314-B7CC-391919ED71CD}.Debug|Any CPU.ActiveCfg = Debug|Any CPU
		{0046A768-ADA2-4314-B7CC-391919ED71CD}.Debug|Any CPU.Build.0 = Debug|Any CPU
		{0046A768-ADA2-4314-B7CC-391919ED71CD}.Release|Any CPU.ActiveCfg = Release|Any CPU
		{0046A768-ADA2-4314-B7CC-391919ED71CD}.Release|Any CPU.Build.0 = Release|Any CPU
		{692DB482-EB2E-4F3E-B4B0-13A6DEE25A6A}.Debug|Any CPU.ActiveCfg = Debug|Any CPU
		{692DB482-EB2E-4F3E-B4B0-13A6DEE25A6A}.Debug|Any CPU.Build.0 = Debug|Any CPU
		{692DB482-EB2E-4F3E-B4B0-13A6DEE25A6A}.Release|Any CPU.ActiveCfg = Release|Any CPU
		{692DB482-EB2E-4F3E-B4B0-13A6DEE25A6A}.Release|Any CPU.Build.0 = Release|Any CPU
		{38486536-3824-4E1B-8106-3159B31CACA7}.Debug|Any CPU.ActiveCfg = Debug|Any CPU
		{38486536-3824-4E1B-8106-3159B31CACA7}.Debug|Any CPU.Build.0 = Debug|Any CPU
		{38486536-3824-4E1B-8106-3159B31CACA7}.Release|Any CPU.ActiveCfg = Release|Any CPU
		{38486536-3824-4E1B-8106-3159B31CACA7}.Release|Any CPU.Build.0 = Release|Any CPU
		{B188B868-35C0-4C20-ACDD-F6140AFBADDA}.Debug|Any CPU.ActiveCfg = Debug|Any CPU
		{B188B868-35C0-4C20-ACDD-F6140AFBADDA}.Debug|Any CPU.Build.0 = Debug|Any CPU
		{B188B868-35C0-4C20-ACDD-F6140AFBADDA}.Release|Any CPU.ActiveCfg = Release|Any CPU
		{B188B868-35C0-4C20-ACDD-F6140AFBADDA}.Release|Any CPU.Build.0 = Release|Any CPU
		{80378A61-FD07-4AF0-B09C-8F39BE12CA61}.Debug|Any CPU.ActiveCfg = Debug|Any CPU
		{80378A61-FD07-4AF0-B09C-8F39BE12CA61}.Debug|Any CPU.Build.0 = Debug|Any CPU
		{80378A61-FD07-4AF0-B09C-8F39BE12CA61}.Release|Any CPU.ActiveCfg = Release|Any CPU
		{80378A61-FD07-4AF0-B09C-8F39BE12CA61}.Release|Any CPU.Build.0 = Release|Any CPU
		{0730EE4D-13F5-4E8F-BD00-D3175BA5F39B}.Debug|Any CPU.ActiveCfg = Debug|Any CPU
		{0730EE4D-13F5-4E8F-BD00-D3175BA5F39B}.Debug|Any CPU.Build.0 = Debug|Any CPU
		{0730EE4D-13F5-4E8F-BD00-D3175BA5F39B}.Release|Any CPU.ActiveCfg = Release|Any CPU
		{0730EE4D-13F5-4E8F-BD00-D3175BA5F39B}.Release|Any CPU.Build.0 = Release|Any CPU
		{2650D19D-C97E-48EC-84E2-B7CF4748F136}.Debug|Any CPU.ActiveCfg = Debug|Any CPU
		{2650D19D-C97E-48EC-84E2-B7CF4748F136}.Debug|Any CPU.Build.0 = Debug|Any CPU
		{2650D19D-C97E-48EC-84E2-B7CF4748F136}.Release|Any CPU.ActiveCfg = Release|Any CPU
		{2650D19D-C97E-48EC-84E2-B7CF4748F136}.Release|Any CPU.Build.0 = Release|Any CPU
		{A6EBD8D8-431A-40BA-B876-3CCBF88E1411}.Debug|Any CPU.ActiveCfg = Debug|Any CPU
		{A6EBD8D8-431A-40BA-B876-3CCBF88E1411}.Debug|Any CPU.Build.0 = Debug|Any CPU
		{A6EBD8D8-431A-40BA-B876-3CCBF88E1411}.Release|Any CPU.ActiveCfg = Release|Any CPU
		{A6EBD8D8-431A-40BA-B876-3CCBF88E1411}.Release|Any CPU.Build.0 = Release|Any CPU
		{58888ADE-887A-4B84-9CEA-B9893C1F96F6}.Debug|Any CPU.ActiveCfg = Debug|Any CPU
		{58888ADE-887A-4B84-9CEA-B9893C1F96F6}.Debug|Any CPU.Build.0 = Debug|Any CPU
		{58888ADE-887A-4B84-9CEA-B9893C1F96F6}.Release|Any CPU.ActiveCfg = Release|Any CPU
		{58888ADE-887A-4B84-9CEA-B9893C1F96F6}.Release|Any CPU.Build.0 = Release|Any CPU
		{8B767DEF-75B6-433D-9B03-F6EA18FE0615}.Debug|Any CPU.ActiveCfg = Debug|Any CPU
		{8B767DEF-75B6-433D-9B03-F6EA18FE0615}.Debug|Any CPU.Build.0 = Debug|Any CPU
		{8B767DEF-75B6-433D-9B03-F6EA18FE0615}.Release|Any CPU.ActiveCfg = Release|Any CPU
		{8B767DEF-75B6-433D-9B03-F6EA18FE0615}.Release|Any CPU.Build.0 = Release|Any CPU
		{B1F9663D-DA40-4039-97D7-0BAC9067C53F}.Debug|Any CPU.ActiveCfg = Debug|Any CPU
		{B1F9663D-DA40-4039-97D7-0BAC9067C53F}.Debug|Any CPU.Build.0 = Debug|Any CPU
		{B1F9663D-DA40-4039-97D7-0BAC9067C53F}.Release|Any CPU.ActiveCfg = Release|Any CPU
		{B1F9663D-DA40-4039-97D7-0BAC9067C53F}.Release|Any CPU.Build.0 = Release|Any CPU
		{105CC1CA-04D5-4A51-82A8-EF8B9F9BA01E}.Debug|Any CPU.ActiveCfg = Debug|Any CPU
		{105CC1CA-04D5-4A51-82A8-EF8B9F9BA01E}.Debug|Any CPU.Build.0 = Debug|Any CPU
		{105CC1CA-04D5-4A51-82A8-EF8B9F9BA01E}.Release|Any CPU.ActiveCfg = Release|Any CPU
		{105CC1CA-04D5-4A51-82A8-EF8B9F9BA01E}.Release|Any CPU.Build.0 = Release|Any CPU
		{E53F5CF8-4892-4D1D-88C2-453D95D940D4}.Debug|Any CPU.ActiveCfg = Debug|Any CPU
		{E53F5CF8-4892-4D1D-88C2-453D95D940D4}.Debug|Any CPU.Build.0 = Debug|Any CPU
		{E53F5CF8-4892-4D1D-88C2-453D95D940D4}.Release|Any CPU.ActiveCfg = Release|Any CPU
		{E53F5CF8-4892-4D1D-88C2-453D95D940D4}.Release|Any CPU.Build.0 = Release|Any CPU
	EndGlobalSection
	GlobalSection(SolutionProperties) = preSolution
		HideSolutionNode = FALSE
	EndGlobalSection
EndGlobal
